Microsoft Visual Studio Solution File, Format Version 12.00
# Visual Studio 2012
Project("{A9946B8D-0C89-D3C2-5B91-29ECA2992966}") = "survival", "Assembly-CSharp-firstpass.csproj", "{D80788E2-F1A5-BA8B-FBB2-F2DF98B97938}"
EndProject
Project("{A9946B8D-0C89-D3C2-5B91-29ECA2992966}") = "survival", "Assembly-CSharp.csproj", "{0346969A-6EE5-FD57-8316-E16F609BCC61}"
EndProject
Project("{A9946B8D-0C89-D3C2-5B91-29ECA2992966}") = "survival", "Assembly-CSharp-Editor.csproj", "{0E91D66E-BE25-17D2-171C-0E0CEAA3EEE1}"
EndProject
Global
	GlobalSection(SolutionConfigurationPlatforms) = preSolution
		Debug|Any CPU = Debug|Any CPU
		Release|Any CPU = Release|Any CPU
	EndGlobalSection
	GlobalSection(ProjectConfigurationPlatforms) = postSolution
		{D80788E2-F1A5-BA8B-FBB2-F2DF98B97938}.Debug|Any CPU.ActiveCfg = Debug|Any CPU
		{D80788E2-F1A5-BA8B-FBB2-F2DF98B97938}.Debug|Any CPU.Build.0 = Debug|Any CPU
		{D80788E2-F1A5-BA8B-FBB2-F2DF98B97938}.Release|Any CPU.ActiveCfg = Release|Any CPU
		{D80788E2-F1A5-BA8B-FBB2-F2DF98B97938}.Release|Any CPU.Build.0 = Release|Any CPU
		{0346969A-6EE5-FD57-8316-E16F609BCC61}.Debug|Any CPU.ActiveCfg = Debug|Any CPU
		{0346969A-6EE5-FD57-8316-E16F609BCC61}.Debug|Any CPU.Build.0 = Debug|Any CPU
		{0346969A-6EE5-FD57-8316-E16F609BCC61}.Release|Any CPU.ActiveCfg = Release|Any CPU
		{0346969A-6EE5-FD57-8316-E16F609BCC61}.Release|Any CPU.Build.0 = Release|Any CPU
		{0E91D66E-BE25-17D2-171C-0E0CEAA3EEE1}.Debug|Any CPU.ActiveCfg = Debug|Any CPU
		{0E91D66E-BE25-17D2-171C-0E0CEAA3EEE1}.Debug|Any CPU.Build.0 = Debug|Any CPU
		{0E91D66E-BE25-17D2-171C-0E0CEAA3EEE1}.Release|Any CPU.ActiveCfg = Release|Any CPU
		{0E91D66E-BE25-17D2-171C-0E0CEAA3EEE1}.Release|Any CPU.Build.0 = Release|Any CPU
	EndGlobalSection
	GlobalSection(MonoDevelopProperties) = preSolution
		StartupItem = Assembly-CSharp.csproj
	EndGlobalSection
EndGlobal
