
Microsoft Visual Studio Solution File, Format Version 12.00
# Visual Studio 2015
Project("{FAE04EC0-301F-11D3-BF4B-00C04F79EFBC}") = "survival.CSharp", "survival.CSharp.csproj", "{DB1A4D82-041D-9A6C-B261-C5B30B3DDAFA}"
EndProject
Global
	GlobalSection(SolutionConfigurationPlatforms) = preSolution
		Debug|Any CPU = Debug|Any CPU
		Release|Any CPU = Release|Any CPU
	EndGlobalSection
	GlobalSection(ProjectConfigurationPlatforms) = postSolution
		{DB1A4D82-041D-9A6C-B261-C5B30B3DDAFA}.Debug|Any CPU.ActiveCfg = Debug|Any CPU
		{DB1A4D82-041D-9A6C-B261-C5B30B3DDAFA}.Debug|Any CPU.Build.0 = Debug|Any CPU
		{DB1A4D82-041D-9A6C-B261-C5B30B3DDAFA}.Release|Any CPU.ActiveCfg = Release|Any CPU
		{DB1A4D82-041D-9A6C-B261-C5B30B3DDAFA}.Release|Any CPU.Build.0 = Release|Any CPU
	EndGlobalSection
	GlobalSection(SolutionProperties) = preSolution
		HideSolutionNode = FALSE
	EndGlobalSection
EndGlobal
